// !$*UTF8*$!
{
	archiveVersion = 1;
	classes = {
	};
	objectVersion = 48;
	objects = {

/* Begin PBXBuildFile section */
		0100217320B7F5EB0082B127 /* GalleryController.swift in Sources */ = {isa = PBXBuildFile; fileRef = 0100217220B7F5EB0082B127 /* GalleryController.swift */; };
		0100217520B7F7740082B127 /* GalleryCell.swift in Sources */ = {isa = PBXBuildFile; fileRef = 0100217420B7F7740082B127 /* GalleryCell.swift */; };
		0100219B20B828500082B127 /* Helper.swift in Sources */ = {isa = PBXBuildFile; fileRef = 0100219A20B8284F0082B127 /* Helper.swift */; };
		0138845C20B9889D00F2F633 /* gallery.bundle in Resources */ = {isa = PBXBuildFile; fileRef = 0138845B20B9889D00F2F633 /* gallery.bundle */; };
		013C5CD720A9429A00943E5C /* AppDelegate.swift in Sources */ = {isa = PBXBuildFile; fileRef = 013C5CD620A9429A00943E5C /* AppDelegate.swift */; };
		013C5CDB20A9429A00943E5C /* DirectoryViewController.swift in Sources */ = {isa = PBXBuildFile; fileRef = 013C5CDA20A9429A00943E5C /* DirectoryViewController.swift */; };
		013C5CDE20A9429A00943E5C /* Main.storyboard in Resources */ = {isa = PBXBuildFile; fileRef = 013C5CDC20A9429A00943E5C /* Main.storyboard */; };
		013C5CE020A9429C00943E5C /* Assets.xcassets in Resources */ = {isa = PBXBuildFile; fileRef = 013C5CDF20A9429C00943E5C /* Assets.xcassets */; };
		013C5CE320A9429C00943E5C /* LaunchScreen.storyboard in Resources */ = {isa = PBXBuildFile; fileRef = 013C5CE120A9429C00943E5C /* LaunchScreen.storyboard */; };
		018EA03F20B8395400EF00DB /* Global.swift in Sources */ = {isa = PBXBuildFile; fileRef = 018EA03E20B8395400EF00DB /* Global.swift */; };
		01C4D9BE20B28FB80052BF72 /* DesignViewController.swift in Sources */ = {isa = PBXBuildFile; fileRef = 01C4D9BD20B28FB80052BF72 /* DesignViewController.swift */; };
		01C4D9C020B2930F0052BF72 /* Sticker.swift in Sources */ = {isa = PBXBuildFile; fileRef = 01C4D9BF20B2930F0052BF72 /* Sticker.swift */; };
		4AC0102020C1812F007B17D3 /* Orientation.swift in Sources */ = {isa = PBXBuildFile; fileRef = 4AC0101F20C1812F007B17D3 /* Orientation.swift */; };
		D75B35F9E447645BF2C137B0 /* Pods_Canva.framework in Frameworks */ = {isa = PBXBuildFile; fileRef = 98FC1169528484CEDA10A289 /* Pods_Canva.framework */; };
/* End PBXBuildFile section */

/* Begin PBXFileReference section */
		0100217220B7F5EB0082B127 /* GalleryController.swift */ = {isa = PBXFileReference; lastKnownFileType = sourcecode.swift; path = GalleryController.swift; sourceTree = "<group>"; };
		0100217420B7F7740082B127 /* GalleryCell.swift */ = {isa = PBXFileReference; lastKnownFileType = sourcecode.swift; path = GalleryCell.swift; sourceTree = "<group>"; };
		0100219A20B8284F0082B127 /* Helper.swift */ = {isa = PBXFileReference; lastKnownFileType = sourcecode.swift; path = Helper.swift; sourceTree = "<group>"; };
		0138845B20B9889D00F2F633 /* gallery.bundle */ = {isa = PBXFileReference; lastKnownFileType = "wrapper.plug-in"; path = gallery.bundle; sourceTree = "<group>"; };
		013C5CD320A9429A00943E5C /* Canva.app */ = {isa = PBXFileReference; explicitFileType = wrapper.application; includeInIndex = 0; path = Canva.app; sourceTree = BUILT_PRODUCTS_DIR; };
		013C5CD620A9429A00943E5C /* AppDelegate.swift */ = {isa = PBXFileReference; lastKnownFileType = sourcecode.swift; path = AppDelegate.swift; sourceTree = "<group>"; };
		013C5CDA20A9429A00943E5C /* DirectoryViewController.swift */ = {isa = PBXFileReference; lastKnownFileType = sourcecode.swift; path = DirectoryViewController.swift; sourceTree = "<group>"; };
		013C5CDD20A9429A00943E5C /* Base */ = {isa = PBXFileReference; lastKnownFileType = file.storyboard; name = Base; path = Base.lproj/Main.storyboard; sourceTree = "<group>"; };
		013C5CDF20A9429C00943E5C /* Assets.xcassets */ = {isa = PBXFileReference; lastKnownFileType = folder.assetcatalog; path = Assets.xcassets; sourceTree = "<group>"; };
		013C5CE220A9429C00943E5C /* Base */ = {isa = PBXFileReference; lastKnownFileType = file.storyboard; name = Base; path = Base.lproj/LaunchScreen.storyboard; sourceTree = "<group>"; };
		013C5CE420A9429C00943E5C /* Info.plist */ = {isa = PBXFileReference; lastKnownFileType = text.plist.xml; path = Info.plist; sourceTree = "<group>"; };
		018EA03E20B8395400EF00DB /* Global.swift */ = {isa = PBXFileReference; lastKnownFileType = sourcecode.swift; path = Global.swift; sourceTree = "<group>"; };
		01C4D9BD20B28FB80052BF72 /* DesignViewController.swift */ = {isa = PBXFileReference; lastKnownFileType = sourcecode.swift; path = DesignViewController.swift; sourceTree = "<group>"; };
		01C4D9BF20B2930F0052BF72 /* Sticker.swift */ = {isa = PBXFileReference; lastKnownFileType = sourcecode.swift; path = Sticker.swift; sourceTree = "<group>"; };
		4AC0101F20C1812F007B17D3 /* Orientation.swift */ = {isa = PBXFileReference; lastKnownFileType = sourcecode.swift; path = Orientation.swift; sourceTree = "<group>"; };
		751AC0D0A463D7090E7A51E2 /* Pods-Canva.debug.xcconfig */ = {isa = PBXFileReference; includeInIndex = 1; lastKnownFileType = text.xcconfig; name = "Pods-Canva.debug.xcconfig"; path = "Pods/Target Support Files/Pods-Canva/Pods-Canva.debug.xcconfig"; sourceTree = "<group>"; };
		98FC1169528484CEDA10A289 /* Pods_Canva.framework */ = {isa = PBXFileReference; explicitFileType = wrapper.framework; includeInIndex = 0; path = Pods_Canva.framework; sourceTree = BUILT_PRODUCTS_DIR; };
		C34EE47B79ED41B81B7956E9 /* Pods-Canva.release.xcconfig */ = {isa = PBXFileReference; includeInIndex = 1; lastKnownFileType = text.xcconfig; name = "Pods-Canva.release.xcconfig"; path = "Pods/Target Support Files/Pods-Canva/Pods-Canva.release.xcconfig"; sourceTree = "<group>"; };
/* End PBXFileReference section */

/* Begin PBXFrameworksBuildPhase section */
		013C5CD020A9429A00943E5C /* Frameworks */ = {
			isa = PBXFrameworksBuildPhase;
			buildActionMask = 2147483647;
			files = (
				D75B35F9E447645BF2C137B0 /* Pods_Canva.framework in Frameworks */,
			);
			runOnlyForDeploymentPostprocessing = 0;
		};
/* End PBXFrameworksBuildPhase section */

/* Begin PBXGroup section */
		013C5CCA20A9429A00943E5C = {
			isa = PBXGroup;
			children = (
				013C5CD520A9429A00943E5C /* Canva */,
				013C5CD420A9429A00943E5C /* Products */,
				53E5C573E91769B1E5B54A77 /* Pods */,
				EFB34B05CDA46DB01BA4234E /* Frameworks */,
			);
			sourceTree = "<group>";
		};
		013C5CD420A9429A00943E5C /* Products */ = {
			isa = PBXGroup;
			children = (
				013C5CD320A9429A00943E5C /* Canva.app */,
			);
			name = Products;
			sourceTree = "<group>";
		};
		013C5CD520A9429A00943E5C /* Canva */ = {
			isa = PBXGroup;
			children = (
				013C5CF020A945EB00943E5C /* Model */,
				013C5CEF20A945DC00943E5C /* Includes */,
				013C5CED20A9456300943E5C /* Controller */,
				013C5CEE20A9457000943E5C /* View */,
			);
			path = Canva;
			sourceTree = "<group>";
		};
		013C5CED20A9456300943E5C /* Controller */ = {
			isa = PBXGroup;
			children = (
				013C5CD620A9429A00943E5C /* AppDelegate.swift */,
				4AC0101F20C1812F007B17D3 /* Orientation.swift */,
				01C4D9BD20B28FB80052BF72 /* DesignViewController.swift */,
				0100217220B7F5EB0082B127 /* GalleryController.swift */,
				0100217420B7F7740082B127 /* GalleryCell.swift */,
				013C5CDA20A9429A00943E5C /* DirectoryViewController.swift */,
			);
			path = Controller;
			sourceTree = "<group>";
		};
		013C5CEE20A9457000943E5C /* View */ = {
			isa = PBXGroup;
			children = (
				013C5CE120A9429C00943E5C /* LaunchScreen.storyboard */,
				013C5CDC20A9429A00943E5C /* Main.storyboard */,
				013C5CDF20A9429C00943E5C /* Assets.xcassets */,
			);
			path = View;
			sourceTree = "<group>";
		};
		013C5CEF20A945DC00943E5C /* Includes */ = {
			isa = PBXGroup;
			children = (
				018EA03E20B8395400EF00DB /* Global.swift */,
				0100219A20B8284F0082B127 /* Helper.swift */,
				013C5CE420A9429C00943E5C /* Info.plist */,
				0138845B20B9889D00F2F633 /* gallery.bundle */,
			);
			path = Includes;
			sourceTree = "<group>";
		};
		013C5CF020A945EB00943E5C /* Model */ = {
			isa = PBXGroup;
			children = (
				01C4D9BF20B2930F0052BF72 /* Sticker.swift */,
			);
			path = Model;
			sourceTree = "<group>";
		};
		53E5C573E91769B1E5B54A77 /* Pods */ = {
			isa = PBXGroup;
			children = (
				751AC0D0A463D7090E7A51E2 /* Pods-Canva.debug.xcconfig */,
				C34EE47B79ED41B81B7956E9 /* Pods-Canva.release.xcconfig */,
			);
			name = Pods;
			sourceTree = "<group>";
		};
		EFB34B05CDA46DB01BA4234E /* Frameworks */ = {
			isa = PBXGroup;
			children = (
				98FC1169528484CEDA10A289 /* Pods_Canva.framework */,
			);
			name = Frameworks;
			sourceTree = "<group>";
		};
/* End PBXGroup section */

/* Begin PBXNativeTarget section */
		013C5CD220A9429A00943E5C /* Canva */ = {
			isa = PBXNativeTarget;
			buildConfigurationList = 013C5CE720A9429C00943E5C /* Build configuration list for PBXNativeTarget "Canva" */;
			buildPhases = (
				8022548847FFD46B55CDEA36 /* [CP] Check Pods Manifest.lock */,
				013C5CCF20A9429A00943E5C /* Sources */,
				013C5CD020A9429A00943E5C /* Frameworks */,
				013C5CD120A9429A00943E5C /* Resources */,
				5F1CF3CF0EA87E21379C97C2 /* [CP] Embed Pods Frameworks */,
			);
			buildRules = (
			);
			dependencies = (
			);
			name = Canva;
			productName = Canva;
			productReference = 013C5CD320A9429A00943E5C /* Canva.app */;
			productType = "com.apple.product-type.application";
		};
/* End PBXNativeTarget section */

/* Begin PBXProject section */
		013C5CCB20A9429A00943E5C /* Project object */ = {
			isa = PBXProject;
			attributes = {
				LastSwiftUpdateCheck = 0930;
				LastUpgradeCheck = 0930;
				ORGANIZATIONNAME = "Maggie Liuzzi";
				TargetAttributes = {
					013C5CD220A9429A00943E5C = {
						CreatedOnToolsVersion = 9.3;
						ProvisioningStyle = Automatic;
					};
				};
			};
			buildConfigurationList = 013C5CCE20A9429A00943E5C /* Build configuration list for PBXProject "Canva" */;
			compatibilityVersion = "Xcode 8.0";
			developmentRegion = en;
			hasScannedForEncodings = 0;
			knownRegions = (
				en,
				Base,
			);
			mainGroup = 013C5CCA20A9429A00943E5C;
			productRefGroup = 013C5CD420A9429A00943E5C /* Products */;
			projectDirPath = "";
			projectRoot = "";
			targets = (
				013C5CD220A9429A00943E5C /* Canva */,
			);
		};
/* End PBXProject section */

/* Begin PBXResourcesBuildPhase section */
		013C5CD120A9429A00943E5C /* Resources */ = {
			isa = PBXResourcesBuildPhase;
			buildActionMask = 2147483647;
			files = (
				013C5CE320A9429C00943E5C /* LaunchScreen.storyboard in Resources */,
				013C5CE020A9429C00943E5C /* Assets.xcassets in Resources */,
				0138845C20B9889D00F2F633 /* gallery.bundle in Resources */,
				013C5CDE20A9429A00943E5C /* Main.storyboard in Resources */,
			);
			runOnlyForDeploymentPostprocessing = 0;
		};
/* End PBXResourcesBuildPhase section */

/* Begin PBXShellScriptBuildPhase section */
		5F1CF3CF0EA87E21379C97C2 /* [CP] Embed Pods Frameworks */ = {
			isa = PBXShellScriptBuildPhase;
			buildActionMask = 2147483647;
			files = (
			);
			inputPaths = (
				"${SRCROOT}/Pods/Target Support Files/Pods-Canva/Pods-Canva-frameworks.sh",
				"${BUILT_PRODUCTS_DIR}/SideMenu/SideMenu.framework",
			);
			name = "[CP] Embed Pods Frameworks";
			outputPaths = (
				"${TARGET_BUILD_DIR}/${FRAMEWORKS_FOLDER_PATH}/SideMenu.framework",
			);
			runOnlyForDeploymentPostprocessing = 0;
			shellPath = /bin/sh;
			shellScript = "\"${SRCROOT}/Pods/Target Support Files/Pods-Canva/Pods-Canva-frameworks.sh\"\n";
			showEnvVarsInLog = 0;
		};
		8022548847FFD46B55CDEA36 /* [CP] Check Pods Manifest.lock */ = {
			isa = PBXShellScriptBuildPhase;
			buildActionMask = 2147483647;
			files = (
			);
			inputPaths = (
				"${PODS_PODFILE_DIR_PATH}/Podfile.lock",
				"${PODS_ROOT}/Manifest.lock",
			);
			name = "[CP] Check Pods Manifest.lock";
			outputPaths = (
				"$(DERIVED_FILE_DIR)/Pods-Canva-checkManifestLockResult.txt",
			);
			runOnlyForDeploymentPostprocessing = 0;
			shellPath = /bin/sh;
			shellScript = "diff \"${PODS_PODFILE_DIR_PATH}/Podfile.lock\" \"${PODS_ROOT}/Manifest.lock\" > /dev/null\nif [ $? != 0 ] ; then\n    # print error to STDERR\n    echo \"error: The sandbox is not in sync with the Podfile.lock. Run 'pod install' or update your CocoaPods installation.\" >&2\n    exit 1\nfi\n# This output is used by Xcode 'outputs' to avoid re-running this script phase.\necho \"SUCCESS\" > \"${SCRIPT_OUTPUT_FILE_0}\"\n";
			showEnvVarsInLog = 0;
		};
/* End PBXShellScriptBuildPhase section */

/* Begin PBXSourcesBuildPhase section */
		013C5CCF20A9429A00943E5C /* Sources */ = {
			isa = PBXSourcesBuildPhase;
			buildActionMask = 2147483647;
			files = (
				013C5CDB20A9429A00943E5C /* DirectoryViewController.swift in Sources */,
				0100217520B7F7740082B127 /* GalleryCell.swift in Sources */,
				018EA03F20B8395400EF00DB /* Global.swift in Sources */,
				013C5CD720A9429A00943E5C /* AppDelegate.swift in Sources */,
				0100217320B7F5EB0082B127 /* GalleryController.swift in Sources */,
				01C4D9BE20B28FB80052BF72 /* DesignViewController.swift in Sources */,
				01C4D9C020B2930F0052BF72 /* Sticker.swift in Sources */,
				4AC0102020C1812F007B17D3 /* Orientation.swift in Sources */,
				0100219B20B828500082B127 /* Helper.swift in Sources */,
			);
			runOnlyForDeploymentPostprocessing = 0;
		};
/* End PBXSourcesBuildPhase section */

/* Begin PBXVariantGroup section */
		013C5CDC20A9429A00943E5C /* Main.storyboard */ = {
			isa = PBXVariantGroup;
			children = (
				013C5CDD20A9429A00943E5C /* Base */,
			);
			name = Main.storyboard;
			sourceTree = "<group>";
		};
		013C5CE120A9429C00943E5C /* LaunchScreen.storyboard */ = {
			isa = PBXVariantGroup;
			children = (
				013C5CE220A9429C00943E5C /* Base */,
			);
			name = LaunchScreen.storyboard;
			sourceTree = "<group>";
		};
/* End PBXVariantGroup section */

/* Begin XCBuildConfiguration section */
		013C5CE520A9429C00943E5C /* Debug */ = {
			isa = XCBuildConfiguration;
			buildSettings = {
				ALWAYS_SEARCH_USER_PATHS = NO;
				CLANG_ANALYZER_NONNULL = YES;
				CLANG_ANALYZER_NUMBER_OBJECT_CONVERSION = YES_AGGRESSIVE;
				CLANG_CXX_LANGUAGE_STANDARD = "gnu++14";
				CLANG_CXX_LIBRARY = "libc++";
				CLANG_ENABLE_MODULES = YES;
				CLANG_ENABLE_OBJC_ARC = YES;
				CLANG_ENABLE_OBJC_WEAK = YES;
				CLANG_WARN_BLOCK_CAPTURE_AUTORELEASING = YES;
				CLANG_WARN_BOOL_CONVERSION = YES;
				CLANG_WARN_COMMA = YES;
				CLANG_WARN_CONSTANT_CONVERSION = YES;
				CLANG_WARN_DEPRECATED_OBJC_IMPLEMENTATIONS = YES;
				CLANG_WARN_DIRECT_OBJC_ISA_USAGE = YES_ERROR;
				CLANG_WARN_DOCUMENTATION_COMMENTS = YES;
				CLANG_WARN_EMPTY_BODY = YES;
				CLANG_WARN_ENUM_CONVERSION = YES;
				CLANG_WARN_INFINITE_RECURSION = YES;
				CLANG_WARN_INT_CONVERSION = YES;
				CLANG_WARN_NON_LITERAL_NULL_CONVERSION = YES;
				CLANG_WARN_OBJC_IMPLICIT_RETAIN_SELF = YES;
				CLANG_WARN_OBJC_LITERAL_CONVERSION = YES;
				CLANG_WARN_OBJC_ROOT_CLASS = YES_ERROR;
				CLANG_WARN_RANGE_LOOP_ANALYSIS = YES;
				CLANG_WARN_STRICT_PROTOTYPES = YES;
				CLANG_WARN_SUSPICIOUS_MOVE = YES;
				CLANG_WARN_UNGUARDED_AVAILABILITY = YES_AGGRESSIVE;
				CLANG_WARN_UNREACHABLE_CODE = YES;
				CLANG_WARN__DUPLICATE_METHOD_MATCH = YES;
				CODE_SIGN_IDENTITY = "iPhone Developer";
				COPY_PHASE_STRIP = NO;
				DEBUG_INFORMATION_FORMAT = dwarf;
				ENABLE_STRICT_OBJC_MSGSEND = YES;
				ENABLE_TESTABILITY = YES;
				GCC_C_LANGUAGE_STANDARD = gnu11;
				GCC_DYNAMIC_NO_PIC = NO;
				GCC_NO_COMMON_BLOCKS = YES;
				GCC_OPTIMIZATION_LEVEL = 0;
				GCC_PREPROCESSOR_DEFINITIONS = (
					"DEBUG=1",
					"$(inherited)",
				);
				GCC_WARN_64_TO_32_BIT_CONVERSION = YES;
				GCC_WARN_ABOUT_RETURN_TYPE = YES_ERROR;
				GCC_WARN_UNDECLARED_SELECTOR = YES;
				GCC_WARN_UNINITIALIZED_AUTOS = YES_AGGRESSIVE;
				GCC_WARN_UNUSED_FUNCTION = YES;
				GCC_WARN_UNUSED_VARIABLE = YES;
				IPHONEOS_DEPLOYMENT_TARGET = 11.3;
				MTL_ENABLE_DEBUG_INFO = YES;
				ONLY_ACTIVE_ARCH = YES;
				SDKROOT = iphoneos;
				SWIFT_ACTIVE_COMPILATION_CONDITIONS = DEBUG;
				SWIFT_OPTIMIZATION_LEVEL = "-Onone";
			};
			name = Debug;
		};
		013C5CE620A9429C00943E5C /* Release */ = {
			isa = XCBuildConfiguration;
			buildSettings = {
				ALWAYS_SEARCH_USER_PATHS = NO;
				CLANG_ANALYZER_NONNULL = YES;
				CLANG_ANALYZER_NUMBER_OBJECT_CONVERSION = YES_AGGRESSIVE;
				CLANG_CXX_LANGUAGE_STANDARD = "gnu++14";
				CLANG_CXX_LIBRARY = "libc++";
				CLANG_ENABLE_MODULES = YES;
				CLANG_ENABLE_OBJC_ARC = YES;
				CLANG_ENABLE_OBJC_WEAK = YES;
				CLANG_WARN_BLOCK_CAPTURE_AUTORELEASING = YES;
				CLANG_WARN_BOOL_CONVERSION = YES;
				CLANG_WARN_COMMA = YES;
				CLANG_WARN_CONSTANT_CONVERSION = YES;
				CLANG_WARN_DEPRECATED_OBJC_IMPLEMENTATIONS = YES;
				CLANG_WARN_DIRECT_OBJC_ISA_USAGE = YES_ERROR;
				CLANG_WARN_DOCUMENTATION_COMMENTS = YES;
				CLANG_WARN_EMPTY_BODY = YES;
				CLANG_WARN_ENUM_CONVERSION = YES;
				CLANG_WARN_INFINITE_RECURSION = YES;
				CLANG_WARN_INT_CONVERSION = YES;
				CLANG_WARN_NON_LITERAL_NULL_CONVERSION = YES;
				CLANG_WARN_OBJC_IMPLICIT_RETAIN_SELF = YES;
				CLANG_WARN_OBJC_LITERAL_CONVERSION = YES;
				CLANG_WARN_OBJC_ROOT_CLASS = YES_ERROR;
				CLANG_WARN_RANGE_LOOP_ANALYSIS = YES;
				CLANG_WARN_STRICT_PROTOTYPES = YES;
				CLANG_WARN_SUSPICIOUS_MOVE = YES;
				CLANG_WARN_UNGUARDED_AVAILABILITY = YES_AGGRESSIVE;
				CLANG_WARN_UNREACHABLE_CODE = YES;
				CLANG_WARN__DUPLICATE_METHOD_MATCH = YES;
				CODE_SIGN_IDENTITY = "iPhone Developer";
				COPY_PHASE_STRIP = NO;
				DEBUG_INFORMATION_FORMAT = "dwarf-with-dsym";
				ENABLE_NS_ASSERTIONS = NO;
				ENABLE_STRICT_OBJC_MSGSEND = YES;
				GCC_C_LANGUAGE_STANDARD = gnu11;
				GCC_NO_COMMON_BLOCKS = YES;
				GCC_WARN_64_TO_32_BIT_CONVERSION = YES;
				GCC_WARN_ABOUT_RETURN_TYPE = YES_ERROR;
				GCC_WARN_UNDECLARED_SELECTOR = YES;
				GCC_WARN_UNINITIALIZED_AUTOS = YES_AGGRESSIVE;
				GCC_WARN_UNUSED_FUNCTION = YES;
				GCC_WARN_UNUSED_VARIABLE = YES;
				IPHONEOS_DEPLOYMENT_TARGET = 11.3;
				MTL_ENABLE_DEBUG_INFO = NO;
				SDKROOT = iphoneos;
				SWIFT_OPTIMIZATION_LEVEL = "-Owholemodule";
				VALIDATE_PRODUCT = YES;
			};
			name = Release;
		};
		013C5CE820A9429C00943E5C /* Debug */ = {
			isa = XCBuildConfiguration;
			baseConfigurationReference = 751AC0D0A463D7090E7A51E2 /* Pods-Canva.debug.xcconfig */;
			buildSettings = {
				ASSETCATALOG_COMPILER_APPICON_NAME = AppIcon;
				CODE_SIGN_STYLE = Automatic;
				DEVELOPMENT_TEAM = MV72DHSKMT;
				INFOPLIST_FILE = Canva/Includes/Info.plist;
				IPHONEOS_DEPLOYMENT_TARGET = 10.3;
				LD_RUNPATH_SEARCH_PATHS = "$(inherited) @executable_path/Frameworks";
				PRODUCT_BUNDLE_IDENTIFIER = Thien.Canva;
				PRODUCT_NAME = "$(TARGET_NAME)";
				SWIFT_VERSION = 4.0;
				TARGETED_DEVICE_FAMILY = "1,2";
			};
			name = Debug;
		};
		013C5CE920A9429C00943E5C /* Release */ = {
			isa = XCBuildConfiguration;
			baseConfigurationReference = C34EE47B79ED41B81B7956E9 /* Pods-Canva.release.xcconfig */;
			buildSettings = {
				ASSETCATALOG_COMPILER_APPICON_NAME = AppIcon;
				CODE_SIGN_STYLE = Automatic;
				DEVELOPMENT_TEAM = MV72DHSKMT;
				INFOPLIST_FILE = Canva/Includes/Info.plist;
				IPHONEOS_DEPLOYMENT_TARGET = 10.3;
				LD_RUNPATH_SEARCH_PATHS = "$(inherited) @executable_path/Frameworks";
				PRODUCT_BUNDLE_IDENTIFIER = Thien.Canva;
				PRODUCT_NAME = "$(TARGET_NAME)";
				SWIFT_VERSION = 4.0;
				TARGETED_DEVICE_FAMILY = "1,2";
			};
			name = Release;
		};
/* End XCBuildConfiguration section */

/* Begin XCConfigurationList section */
		013C5CCE20A9429A00943E5C /* Build configuration list for PBXProject "Canva" */ = {
			isa = XCConfigurationList;
			buildConfigurations = (
				013C5CE520A9429C00943E5C /* Debug */,
				013C5CE620A9429C00943E5C /* Release */,
			);
			defaultConfigurationIsVisible = 0;
			defaultConfigurationName = Release;
		};
		013C5CE720A9429C00943E5C /* Build configuration list for PBXNativeTarget "Canva" */ = {
			isa = XCConfigurationList;
			buildConfigurations = (
				013C5CE820A9429C00943E5C /* Debug */,
				013C5CE920A9429C00943E5C /* Release */,
			);
			defaultConfigurationIsVisible = 0;
			defaultConfigurationName = Release;
		};
/* End XCConfigurationList section */
	};
	rootObject = 013C5CCB20A9429A00943E5C /* Project object */;
}
